{
  "name": "cicumikuji",
  "version": "1.0.2",
  "lockfileVersion": 1,
  "requires": true,
  "dependencies": {
    "fsevents": {
      "version": "2.3.2",
      "resolved": "https://registry.npmjs.org/fsevents/-/fsevents-2.3.2.tgz",
      "integrity": "sha512-xiqMQR4xAeHTuB9uWm+fFRcIOgKBMiOBP+eXiyT7jsgVCq1bkVygt00oASowB7EdtpOHaaPgKt812P9ab+DDKA==",
      "dev": true,
      "optional": true
    },
    "goober": {
      "version": "2.0.39",
      "resolved": "https://registry.npmjs.org/goober/-/goober-2.0.39.tgz",
      "integrity": "sha512-ryw0VaZaehKmnjL4ZEJaiUVQc+XFa5dXIAbf2QC3F+WVKRbzaSuJyq7w28bdlwqYctiZ0Ok5QL/Pap5M2pCHQg=="
    },
    "idb-keyval": {
      "version": "5.0.6",
      "resolved": "https://registry.npmjs.org/idb-keyval/-/idb-keyval-5.0.6.tgz",
      "integrity": "sha512-6lJuVbwyo82mKSH6Wq2eHkt9LcbwHAelMIcMe0tP4p20Pod7tTxq9zf0ge2n/YDfMOpDryerfmmYyuQiaFaKOg=="
    },
    "ky": {
      "version": "0.28.5",
      "resolved": "https://registry.npmjs.org/ky/-/ky-0.28.5.tgz",
      "integrity": "sha512-O5gg9kF4MeyfSw+YkgPAafOPwEUU6xcdGEJKUJmKpIPbLzk3oxUtY4OdBNekG7mawofzkyZ/ZHuR9ev5uZZdAA=="
    },
    "nosleep.js": {
      "version": "0.12.0",
      "resolved": "https://registry.npmjs.org/nosleep.js/-/nosleep.js-0.12.0.tgz",
      "integrity": "sha512-9d1HbpKLh3sdWlhXMhU6MMH+wQzKkrgfRkYV0EBdvt99YJfj0ilCJrWRDYG2130Tm4GXbEoTCx5b34JSaP+HhA=="
    },
    "preact": {
      "version": "10.5.14",
      "resolved": "https://registry.npmjs.org/preact/-/preact-10.5.14.tgz",
      "integrity": "sha512-KojoltCrshZ099ksUZ2OQKfbH66uquFoxHSbnwKbTJHeQNvx42EmC7wQVWNuDt6vC5s3nudRHFtKbpY4ijKlaQ=="
    },
    "prettier": {
      "version": "2.3.2",
      "resolved": "https://registry.npmjs.org/prettier/-/prettier-2.3.2.tgz",
      "integrity": "sha512-lnJzDfJ66zkMy58OL5/NY5zp70S7Nz6KqcKkXYzn2tMVrNxvbqaBpg7H3qHaLxCJ5lNMsGuM8+ohS7cZrthdLQ==",
      "dev": true
    },
    "rollup": {
      "version": "2.53.2",
      "resolved": "https://registry.npmjs.org/rollup/-/rollup-2.53.2.tgz",
      "integrity": "sha512-1CtEYuS5CRCzFZ7SNW5528SlDlk4VDXIRGwbm/2POQxA/G4+7/crIqJwkmnj8Q/74hGx4oVlNvh4E1CJQ5hZ6w==",
      "dev": true,
      "requires": {
        "fsevents": "~2.3.2"
      }
    },
    "shake.js": {
      "version": "1.2.2",
      "resolved": "https://registry.npmjs.org/shake.js/-/shake.js-1.2.2.tgz",
      "integrity": "sha1-sqxWCoKr5o14oCliOnCI4bMLrP8="
    },
    "wmr": {
      "version": "3.4.1",
      "resolved": "https://registry.npmjs.org/wmr/-/wmr-3.4.1.tgz",
      "integrity": "sha512-Fyt8Xb7Q6bKSOm7b8zEV2Z7x2pGnCRoc7iZaaPrBU1kUuliwArltnfUOESUYyuLjAHfoIi5veOl+OOxugkGn/g==",
      "dev": true,
      "requires": {
        "fsevents": "^2.1.3"
      }
    },
    "workbox-cacheable-response": {
      "version": "6.1.5",
      "resolved": "https://registry.npmjs.org/workbox-cacheable-response/-/workbox-cacheable-response-6.1.5.tgz",
      "integrity": "sha512-x8DC71lO/JCgiaJ194l9le8wc8lFPLgUpDkLhp2si7mXV6S/wZO+8Osvw1LLgYa8YYTWGbhbFhFTXIkEMknIIA==",
      "requires": {
        "workbox-core": "^6.1.5"
      }
    },
    "workbox-core": {
      "version": "6.1.5",
      "resolved": "https://registry.npmjs.org/workbox-core/-/workbox-core-6.1.5.tgz",
      "integrity": "sha512-9SOEle7YcJzg3njC0xMSmrPIiFjfsFm9WjwGd5enXmI8Lwk8wLdy63B0nzu5LXoibEmS9k+aWF8EzaKtOWjNSA=="
    },
    "workbox-expiration": {
      "version": "6.1.5",
      "resolved": "https://registry.npmjs.org/workbox-expiration/-/workbox-expiration-6.1.5.tgz",
      "integrity": "sha512-6cN+FVbh8fNq56LFKPMchGNKCJeyboHsDuGBqmhDUPvD4uDjsegQpDQzn52VaE0cpywbSIsDF/BSq9E9Yjh5oQ==",
      "requires": {
        "workbox-core": "^6.1.5"
      }
    },
    "workbox-precaching": {
      "version": "6.1.5",
      "resolved": "https://registry.npmjs.org/workbox-precaching/-/workbox-precaching-6.1.5.tgz",
      "integrity": "sha512-yhm1kb6wgi141JeM5X7z42XJxCry53tbMLB3NgrxktrZbwbrJF8JILzYy+RFKC9tHC6u2bPmL789GPLT2NCDzw==",
      "requires": {
        "workbox-core": "^6.1.5",
        "workbox-routing": "^6.1.5",
        "workbox-strategies": "^6.1.5"
      }
    },
    "workbox-recipes": {
      "version": "6.1.5",
      "resolved": "https://registry.npmjs.org/workbox-recipes/-/workbox-recipes-6.1.5.tgz",
      "integrity": "sha512-MD1yabHca6O/oj1hrRdfj9cRwhKA5zqIE53rWOAg/dKMMzWQsf9nyRbXRgzK3a13iQvYKuQzURU4Cx58tdnR+Q==",
      "requires": {
        "workbox-cacheable-response": "^6.1.5",
        "workbox-core": "^6.1.5",
        "workbox-expiration": "^6.1.5",
        "workbox-precaching": "^6.1.5",
        "workbox-routing": "^6.1.5",
        "workbox-strategies": "^6.1.5"
      }
    },
    "workbox-routing": {
      "version": "6.1.5",
      "resolved": "https://registry.npmjs.org/workbox-routing/-/workbox-routing-6.1.5.tgz",
      "integrity": "sha512-uC/Ctz+4GXGL42h1WxUNKxqKRik/38uS0NZ6VY/EHqL2F1ObLFqMHUZ4ZYvyQsKdyI82cxusvhJZHOrY0a2fIQ==",
      "requires": {
        "workbox-core": "^6.1.5"
      }
    },
    "workbox-strategies": {
      "version": "6.1.5",
      "resolved": "https://registry.npmjs.org/workbox-strategies/-/workbox-strategies-6.1.5.tgz",
      "integrity": "sha512-QhiOn9KT9YGBdbfWOmJT6pXZOIAxaVrs6J6AMYzRpkUegBTEcv36+ZhE/cfHoT0u2fxVtthHnskOQ/snEzaXQw==",
      "requires": {
        "workbox-core": "^6.1.5"
      }
    },
    "workbox-window": {
      "version": "6.1.5",
      "resolved": "https://registry.npmjs.org/workbox-window/-/workbox-window-6.1.5.tgz",
      "integrity": "sha512-akL0X6mAegai2yypnq78RgfazeqvKbsllRtEI4dnbhPcRINEY1NmecFmsQk8SD+zWLK1gw5OdwAOX+zHSRVmeA==",
      "requires": {
        "workbox-core": "^6.1.5"
      }
    }
  }
}
